
Microsoft Visual Studio Solution File, Format Version 12.00
# Visual Studio Version 17
VisualStudioVersion = 17.4.33205.214
MinimumVisualStudioVersion = 10.0.40219.1
Project("{FAE04EC0-301F-11D3-BF4B-00C04F79EFBC}") = "USERMANAGEMENT", "USERMANAGEMENT.csproj", "{3C9479BE-7664-41AF-815C-892418C848C8}"
EndProject
Project("{FAE04EC0-301F-11D3-BF4B-00C04F79EFBC}") = "UserManagement.BusinessLogic", "..\UserManagement.BusinessLogic\UserManagement.BusinessLogic.csproj", "{5C8700CB-2336-4683-BE8B-5AE3BC15B004}"
EndProject
Project("{FAE04EC0-301F-11D3-BF4B-00C04F79EFBC}") = "UserManagement.BusinessObject", "..\UserManagement.BusinessObject\UserManagement.BusinessObject.csproj", "{5861F788-6643-4E49-9B2A-43B7AD7C1D28}"
EndProject
Project("{FAE04EC0-301F-11D3-BF4B-00C04F79EFBC}") = "UserManagement.ClassLibrary", "..\UserManagement.ClassLibrary\UserManagement.ClassLibrary.csproj", "{496909A7-3A3E-4617-A55C-E75C9775EE1F}"
EndProject
Project("{FAE04EC0-301F-11D3-BF4B-00C04F79EFBC}") = "UserManagement.Data", "..\UserManagement.Data\UserManagement.Data.csproj", "{0AF60D16-6977-44FE-9DF6-422FE145EC4B}"
EndProject
Project("{FAE04EC0-301F-11D3-BF4B-00C04F79EFBC}") = "UserManagement.ServiceDto", "..\UserManagement.ServiceDto\UserManagement.ServiceDto.csproj", "{3727377F-F24A-45F2-A2B0-D98BBA2B008E}"
EndProject
Project("{FAE04EC0-301F-11D3-BF4B-00C04F79EFBC}") = "UserManagement.ServiceInterface", "..\UserManagement.ServiceInterface\UserManagement.ServiceInterface.csproj", "{5C61B334-B9D5-4214-9FA5-7E3C8A7BCECD}"
EndProject
Global
	GlobalSection(SolutionConfigurationPlatforms) = preSolution
		Debug|Any CPU = Debug|Any CPU
		Release|Any CPU = Release|Any CPU
	EndGlobalSection
	GlobalSection(ProjectConfigurationPlatforms) = postSolution
		{3C9479BE-7664-41AF-815C-892418C848C8}.Debug|Any CPU.ActiveCfg = Debug|Any CPU
		{3C9479BE-7664-41AF-815C-892418C848C8}.Debug|Any CPU.Build.0 = Debug|Any CPU
		{3C9479BE-7664-41AF-815C-892418C848C8}.Release|Any CPU.ActiveCfg = Release|Any CPU
		{3C9479BE-7664-41AF-815C-892418C848C8}.Release|Any CPU.Build.0 = Release|Any CPU
		{5C8700CB-2336-4683-BE8B-5AE3BC15B004}.Debug|Any CPU.ActiveCfg = Debug|Any CPU
		{5C8700CB-2336-4683-BE8B-5AE3BC15B004}.Debug|Any CPU.Build.0 = Debug|Any CPU
		{5C8700CB-2336-4683-BE8B-5AE3BC15B004}.Release|Any CPU.ActiveCfg = Release|Any CPU
		{5C8700CB-2336-4683-BE8B-5AE3BC15B004}.Release|Any CPU.Build.0 = Release|Any CPU
		{5861F788-6643-4E49-9B2A-43B7AD7C1D28}.Debug|Any CPU.ActiveCfg = Debug|Any CPU
		{5861F788-6643-4E49-9B2A-43B7AD7C1D28}.Debug|Any CPU.Build.0 = Debug|Any CPU
		{5861F788-6643-4E49-9B2A-43B7AD7C1D28}.Release|Any CPU.ActiveCfg = Release|Any CPU
		{5861F788-6643-4E49-9B2A-43B7AD7C1D28}.Release|Any CPU.Build.0 = Release|Any CPU
		{496909A7-3A3E-4617-A55C-E75C9775EE1F}.Debug|Any CPU.ActiveCfg = Debug|Any CPU
		{496909A7-3A3E-4617-A55C-E75C9775EE1F}.Debug|Any CPU.Build.0 = Debug|Any CPU
		{496909A7-3A3E-4617-A55C-E75C9775EE1F}.Release|Any CPU.ActiveCfg = Release|Any CPU
		{496909A7-3A3E-4617-A55C-E75C9775EE1F}.Release|Any CPU.Build.0 = Release|Any CPU
		{0AF60D16-6977-44FE-9DF6-422FE145EC4B}.Debug|Any CPU.ActiveCfg = Debug|Any CPU
		{0AF60D16-6977-44FE-9DF6-422FE145EC4B}.Debug|Any CPU.Build.0 = Debug|Any CPU
		{0AF60D16-6977-44FE-9DF6-422FE145EC4B}.Release|Any CPU.ActiveCfg = Release|Any CPU
		{0AF60D16-6977-44FE-9DF6-422FE145EC4B}.Release|Any CPU.Build.0 = Release|Any CPU
		{3727377F-F24A-45F2-A2B0-D98BBA2B008E}.Debug|Any CPU.ActiveCfg = Debug|Any CPU
		{3727377F-F24A-45F2-A2B0-D98BBA2B008E}.Debug|Any CPU.Build.0 = Debug|Any CPU
		{3727377F-F24A-45F2-A2B0-D98BBA2B008E}.Release|Any CPU.ActiveCfg = Release|Any CPU
		{3727377F-F24A-45F2-A2B0-D98BBA2B008E}.Release|Any CPU.Build.0 = Release|Any CPU
		{5C61B334-B9D5-4214-9FA5-7E3C8A7BCECD}.Debug|Any CPU.ActiveCfg = Debug|Any CPU
		{5C61B334-B9D5-4214-9FA5-7E3C8A7BCECD}.Debug|Any CPU.Build.0 = Debug|Any CPU
		{5C61B334-B9D5-4214-9FA5-7E3C8A7BCECD}.Release|Any CPU.ActiveCfg = Release|Any CPU
		{5C61B334-B9D5-4214-9FA5-7E3C8A7BCECD}.Release|Any CPU.Build.0 = Release|Any CPU
	EndGlobalSection
	GlobalSection(SolutionProperties) = preSolution
		HideSolutionNode = FALSE
	EndGlobalSection
	GlobalSection(ExtensibilityGlobals) = postSolution
		SolutionGuid = {227FF993-94A2-4FE9-BC94-1B0FC3FA1666}
	EndGlobalSection
EndGlobal
